// !$*UTF8*$!
{
	archiveVersion = 1;
	classes = {
	};
	objectVersion = 46;
	objects = {

/* Begin PBXBuildFile section */
		36DB49614BB9090F91F0C3AC /* Pods_TwittUITests.framework in Frameworks */ = {isa = PBXBuildFile; fileRef = B186FA05CF85AE234957DA76 /* Pods_TwittUITests.framework */; };
		A8567C6F1F1A458D003BAF59 /* AppDelegate.swift in Sources */ = {isa = PBXBuildFile; fileRef = A8567C6E1F1A458D003BAF59 /* AppDelegate.swift */; };
		A8567C761F1A458D003BAF59 /* Assets.xcassets in Resources */ = {isa = PBXBuildFile; fileRef = A8567C751F1A458D003BAF59 /* Assets.xcassets */; };
		A8567CA81F1EA6C0003BAF59 /* Defaults.swift in Sources */ = {isa = PBXBuildFile; fileRef = A8567CA71F1EA6C0003BAF59 /* Defaults.swift */; };
		A8567CAA1F1EA749003BAF59 /* Twitter.swift in Sources */ = {isa = PBXBuildFile; fileRef = A8567CA91F1EA749003BAF59 /* Twitter.swift */; };
		A8567CAC1F1EAA58003BAF59 /* LoginViewController.swift in Sources */ = {isa = PBXBuildFile; fileRef = A8567CAB1F1EAA58003BAF59 /* LoginViewController.swift */; };
		A8567CB21F1EAEA3003BAF59 /* TwittTests.swift in Sources */ = {isa = PBXBuildFile; fileRef = A8567CB11F1EAEA3003BAF59 /* TwittTests.swift */; };
		E6652B9E8ADDB291F7169FF9 /* Pods_Twitt.framework in Frameworks */ = {isa = PBXBuildFile; fileRef = 0D816BEA0107C7677BB80290 /* Pods_Twitt.framework */; };
		F587B740DF314FE0AF87F581 /* Pods_TwittTests.framework in Frameworks */ = {isa = PBXBuildFile; fileRef = C752D283858E0F02FF1C9146 /* Pods_TwittTests.framework */; };
/* End PBXBuildFile section */

/* Begin PBXContainerItemProxy section */
		A8567C801F1A458D003BAF59 /* PBXContainerItemProxy */ = {
			isa = PBXContainerItemProxy;
			containerPortal = A8567C631F1A458D003BAF59 /* Project object */;
			proxyType = 1;
			remoteGlobalIDString = A8567C6A1F1A458D003BAF59;
			remoteInfo = Twitt;
		};
		A8567C8B1F1A458D003BAF59 /* PBXContainerItemProxy */ = {
			isa = PBXContainerItemProxy;
			containerPortal = A8567C631F1A458D003BAF59 /* Project object */;
			proxyType = 1;
			remoteGlobalIDString = A8567C6A1F1A458D003BAF59;
			remoteInfo = Twitt;
		};
/* End PBXContainerItemProxy section */

/* Begin PBXFileReference section */
		0D816BEA0107C7677BB80290 /* Pods_Twitt.framework */ = {isa = PBXFileReference; explicitFileType = wrapper.framework; includeInIndex = 0; path = Pods_Twitt.framework; sourceTree = BUILT_PRODUCTS_DIR; };
		2DEDE7535D9D0443EBE95D71 /* Pods-Twitt.debug.xcconfig */ = {isa = PBXFileReference; includeInIndex = 1; lastKnownFileType = text.xcconfig; name = "Pods-Twitt.debug.xcconfig"; path = "Pods/Target Support Files/Pods-Twitt/Pods-Twitt.debug.xcconfig"; sourceTree = "<group>"; };
		5BB505FC25B1FA0968C05BFE /* Pods-TwittUITests.release.xcconfig */ = {isa = PBXFileReference; includeInIndex = 1; lastKnownFileType = text.xcconfig; name = "Pods-TwittUITests.release.xcconfig"; path = "Pods/Target Support Files/Pods-TwittUITests/Pods-TwittUITests.release.xcconfig"; sourceTree = "<group>"; };
		634942C600844385B3894879 /* Pods-TwittTests.release.xcconfig */ = {isa = PBXFileReference; includeInIndex = 1; lastKnownFileType = text.xcconfig; name = "Pods-TwittTests.release.xcconfig"; path = "Pods/Target Support Files/Pods-TwittTests/Pods-TwittTests.release.xcconfig"; sourceTree = "<group>"; };
		A8567C6B1F1A458D003BAF59 /* Twitt.app */ = {isa = PBXFileReference; explicitFileType = wrapper.application; includeInIndex = 0; path = Twitt.app; sourceTree = BUILT_PRODUCTS_DIR; };
		A8567C6E1F1A458D003BAF59 /* AppDelegate.swift */ = {isa = PBXFileReference; lastKnownFileType = sourcecode.swift; path = AppDelegate.swift; sourceTree = "<group>"; };
		A8567C751F1A458D003BAF59 /* Assets.xcassets */ = {isa = PBXFileReference; lastKnownFileType = folder.assetcatalog; path = Assets.xcassets; sourceTree = "<group>"; };
		A8567C7A1F1A458D003BAF59 /* Info.plist */ = {isa = PBXFileReference; lastKnownFileType = text.plist.xml; path = Info.plist; sourceTree = "<group>"; };
		A8567C7F1F1A458D003BAF59 /* TwittTests.xctest */ = {isa = PBXFileReference; explicitFileType = wrapper.cfbundle; includeInIndex = 0; path = TwittTests.xctest; sourceTree = BUILT_PRODUCTS_DIR; };
		A8567C851F1A458D003BAF59 /* Info.plist */ = {isa = PBXFileReference; lastKnownFileType = text.plist.xml; path = Info.plist; sourceTree = "<group>"; };
		A8567C8A1F1A458D003BAF59 /* TwittUITests.xctest */ = {isa = PBXFileReference; explicitFileType = wrapper.cfbundle; includeInIndex = 0; path = TwittUITests.xctest; sourceTree = BUILT_PRODUCTS_DIR; };
		A8567C901F1A458D003BAF59 /* Info.plist */ = {isa = PBXFileReference; lastKnownFileType = text.plist.xml; path = Info.plist; sourceTree = "<group>"; };
		A8567CA71F1EA6C0003BAF59 /* Defaults.swift */ = {isa = PBXFileReference; fileEncoding = 4; lastKnownFileType = sourcecode.swift; path = Defaults.swift; sourceTree = "<group>"; };
		A8567CA91F1EA749003BAF59 /* Twitter.swift */ = {isa = PBXFileReference; fileEncoding = 4; lastKnownFileType = sourcecode.swift; path = Twitter.swift; sourceTree = "<group>"; };
		A8567CAB1F1EAA58003BAF59 /* LoginViewController.swift */ = {isa = PBXFileReference; fileEncoding = 4; lastKnownFileType = sourcecode.swift; path = LoginViewController.swift; sourceTree = "<group>"; };
		A8567CB11F1EAEA3003BAF59 /* TwittTests.swift */ = {isa = PBXFileReference; fileEncoding = 4; lastKnownFileType = sourcecode.swift; path = TwittTests.swift; sourceTree = "<group>"; };
		B186FA05CF85AE234957DA76 /* Pods_TwittUITests.framework */ = {isa = PBXFileReference; explicitFileType = wrapper.framework; includeInIndex = 0; path = Pods_TwittUITests.framework; sourceTree = BUILT_PRODUCTS_DIR; };
		BA21250D1F62168EAADF6932 /* Pods-TwittUITests.debug.xcconfig */ = {isa = PBXFileReference; includeInIndex = 1; lastKnownFileType = text.xcconfig; name = "Pods-TwittUITests.debug.xcconfig"; path = "Pods/Target Support Files/Pods-TwittUITests/Pods-TwittUITests.debug.xcconfig"; sourceTree = "<group>"; };
		C752D283858E0F02FF1C9146 /* Pods_TwittTests.framework */ = {isa = PBXFileReference; explicitFileType = wrapper.framework; includeInIndex = 0; path = Pods_TwittTests.framework; sourceTree = BUILT_PRODUCTS_DIR; };
		CA9944C2867095045995F950 /* Pods-Twitt.release.xcconfig */ = {isa = PBXFileReference; includeInIndex = 1; lastKnownFileType = text.xcconfig; name = "Pods-Twitt.release.xcconfig"; path = "Pods/Target Support Files/Pods-Twitt/Pods-Twitt.release.xcconfig"; sourceTree = "<group>"; };
		D86AF402311024C983167933 /* Pods-TwittTests.debug.xcconfig */ = {isa = PBXFileReference; includeInIndex = 1; lastKnownFileType = text.xcconfig; name = "Pods-TwittTests.debug.xcconfig"; path = "Pods/Target Support Files/Pods-TwittTests/Pods-TwittTests.debug.xcconfig"; sourceTree = "<group>"; };
/* End PBXFileReference section */

/* Begin PBXFrameworksBuildPhase section */
		A8567C681F1A458D003BAF59 /* Frameworks */ = {
			isa = PBXFrameworksBuildPhase;
			buildActionMask = 2147483647;
			files = (
				E6652B9E8ADDB291F7169FF9 /* Pods_Twitt.framework in Frameworks */,
			);
			runOnlyForDeploymentPostprocessing = 0;
		};
		A8567C7C1F1A458D003BAF59 /* Frameworks */ = {
			isa = PBXFrameworksBuildPhase;
			buildActionMask = 2147483647;
			files = (
				F587B740DF314FE0AF87F581 /* Pods_TwittTests.framework in Frameworks */,
			);
			runOnlyForDeploymentPostprocessing = 0;
		};
		A8567C871F1A458D003BAF59 /* Frameworks */ = {
			isa = PBXFrameworksBuildPhase;
			buildActionMask = 2147483647;
			files = (
				36DB49614BB9090F91F0C3AC /* Pods_TwittUITests.framework in Frameworks */,
			);
			runOnlyForDeploymentPostprocessing = 0;
		};
/* End PBXFrameworksBuildPhase section */

/* Begin PBXGroup section */
		0CE73706FBC770AE611B4078 /* Frameworks */ = {
			isa = PBXGroup;
			children = (
				0D816BEA0107C7677BB80290 /* Pods_Twitt.framework */,
				C752D283858E0F02FF1C9146 /* Pods_TwittTests.framework */,
				B186FA05CF85AE234957DA76 /* Pods_TwittUITests.framework */,
			);
			name = Frameworks;
			sourceTree = "<group>";
		};
		9E1A384DFD3834CAED2A1D8D /* Pods */ = {
			isa = PBXGroup;
			children = (
				2DEDE7535D9D0443EBE95D71 /* Pods-Twitt.debug.xcconfig */,
				CA9944C2867095045995F950 /* Pods-Twitt.release.xcconfig */,
				D86AF402311024C983167933 /* Pods-TwittTests.debug.xcconfig */,
				634942C600844385B3894879 /* Pods-TwittTests.release.xcconfig */,
				BA21250D1F62168EAADF6932 /* Pods-TwittUITests.debug.xcconfig */,
				5BB505FC25B1FA0968C05BFE /* Pods-TwittUITests.release.xcconfig */,
			);
			name = Pods;
			sourceTree = "<group>";
		};
		A8567C621F1A458D003BAF59 = {
			isa = PBXGroup;
			children = (
				A8567C6D1F1A458D003BAF59 /* Twitt */,
				A8567C821F1A458D003BAF59 /* TwittTests */,
				A8567C8D1F1A458D003BAF59 /* TwittUITests */,
				A8567C6C1F1A458D003BAF59 /* Products */,
				9E1A384DFD3834CAED2A1D8D /* Pods */,
				0CE73706FBC770AE611B4078 /* Frameworks */,
			);
			sourceTree = "<group>";
		};
		A8567C6C1F1A458D003BAF59 /* Products */ = {
			isa = PBXGroup;
			children = (
				A8567C6B1F1A458D003BAF59 /* Twitt.app */,
				A8567C7F1F1A458D003BAF59 /* TwittTests.xctest */,
				A8567C8A1F1A458D003BAF59 /* TwittUITests.xctest */,
			);
			name = Products;
			sourceTree = "<group>";
		};
		A8567C6D1F1A458D003BAF59 /* Twitt */ = {
			isa = PBXGroup;
			children = (
				A8567CA21F1EA21F003BAF59 /* Modules */,
				A8567CA11F1EA21F003BAF59 /* Models */,
				A8567C9E1F1EA21F003BAF59 /* Extensions */,
				A8567CA01F1EA21F003BAF59 /* Global */,
				A8567C6E1F1A458D003BAF59 /* AppDelegate.swift */,
				A8567C751F1A458D003BAF59 /* Assets.xcassets */,
				A8567C7A1F1A458D003BAF59 /* Info.plist */,
			);
			path = Twitt;
			sourceTree = "<group>";
		};
		A8567C821F1A458D003BAF59 /* TwittTests */ = {
			isa = PBXGroup;
			children = (
				A8567C851F1A458D003BAF59 /* Info.plist */,
				A8567CB11F1EAEA3003BAF59 /* TwittTests.swift */,
			);
			path = TwittTests;
			sourceTree = "<group>";
		};
		A8567C8D1F1A458D003BAF59 /* TwittUITests */ = {
			isa = PBXGroup;
			children = (
				A8567C901F1A458D003BAF59 /* Info.plist */,
			);
			path = TwittUITests;
			sourceTree = "<group>";
		};
		A8567C9E1F1EA21F003BAF59 /* Extensions */ = {
			isa = PBXGroup;
			children = (
			);
			path = Extensions;
			sourceTree = "<group>";
		};
		A8567CA01F1EA21F003BAF59 /* Global */ = {
			isa = PBXGroup;
			children = (
				A8567CA71F1EA6C0003BAF59 /* Defaults.swift */,
				A8567CA91F1EA749003BAF59 /* Twitter.swift */,
			);
			path = Global;
			sourceTree = "<group>";
		};
		A8567CA11F1EA21F003BAF59 /* Models */ = {
			isa = PBXGroup;
			children = (
			);
			path = Models;
			sourceTree = "<group>";
		};
		A8567CA21F1EA21F003BAF59 /* Modules */ = {
			isa = PBXGroup;
			children = (
				A8567CA41F1EA258003BAF59 /* Login */,
			);
			path = Modules;
			sourceTree = "<group>";
		};
		A8567CA41F1EA258003BAF59 /* Login */ = {
			isa = PBXGroup;
			children = (
				A8567CAB1F1EAA58003BAF59 /* LoginViewController.swift */,
			);
			name = Login;
			sourceTree = "<group>";
		};
/* End PBXGroup section */

/* Begin PBXNativeTarget section */
		A8567C6A1F1A458D003BAF59 /* Twitt */ = {
			isa = PBXNativeTarget;
			buildConfigurationList = A8567C931F1A458D003BAF59 /* Build configuration list for PBXNativeTarget "Twitt" */;
			buildPhases = (
				C8D31C565B35BE7AE099AC44 /* [CP] Check Pods Manifest.lock */,
				A8567C671F1A458D003BAF59 /* Sources */,
				A8567C681F1A458D003BAF59 /* Frameworks */,
				A8567C691F1A458D003BAF59 /* Resources */,
				D41E20C35DFAB31FB0963EE0 /* [CP] Embed Pods Frameworks */,
				B85EAB55FBCE50E9776EC46A /* [CP] Copy Pods Resources */,
			);
			buildRules = (
			);
			dependencies = (
			);
			name = Twitt;
			productName = Twitt;
			productReference = A8567C6B1F1A458D003BAF59 /* Twitt.app */;
			productType = "com.apple.product-type.application";
		};
		A8567C7E1F1A458D003BAF59 /* TwittTests */ = {
			isa = PBXNativeTarget;
			buildConfigurationList = A8567C961F1A458D003BAF59 /* Build configuration list for PBXNativeTarget "TwittTests" */;
			buildPhases = (
				A52F5B4B261264A7808135E0 /* [CP] Check Pods Manifest.lock */,
				A8567C7B1F1A458D003BAF59 /* Sources */,
				A8567C7C1F1A458D003BAF59 /* Frameworks */,
				A8567C7D1F1A458D003BAF59 /* Resources */,
				3CAF3114FF1C6487E77DED02 /* [CP] Embed Pods Frameworks */,
				B91169899897CA1EB59F37B0 /* [CP] Copy Pods Resources */,
			);
			buildRules = (
			);
			dependencies = (
				A8567C811F1A458D003BAF59 /* PBXTargetDependency */,
			);
			name = TwittTests;
			productName = TwittTests;
			productReference = A8567C7F1F1A458D003BAF59 /* TwittTests.xctest */;
			productType = "com.apple.product-type.bundle.unit-test";
		};
		A8567C891F1A458D003BAF59 /* TwittUITests */ = {
			isa = PBXNativeTarget;
			buildConfigurationList = A8567C991F1A458D003BAF59 /* Build configuration list for PBXNativeTarget "TwittUITests" */;
			buildPhases = (
				5ED6FAECE1B97800936825B0 /* [CP] Check Pods Manifest.lock */,
				A8567C861F1A458D003BAF59 /* Sources */,
				A8567C871F1A458D003BAF59 /* Frameworks */,
				A8567C881F1A458D003BAF59 /* Resources */,
				5522D44CFD9E2047AF2E4831 /* [CP] Embed Pods Frameworks */,
				EEF37E96831311FEB378EF6D /* [CP] Copy Pods Resources */,
			);
			buildRules = (
			);
			dependencies = (
				A8567C8C1F1A458D003BAF59 /* PBXTargetDependency */,
			);
			name = TwittUITests;
			productName = TwittUITests;
			productReference = A8567C8A1F1A458D003BAF59 /* TwittUITests.xctest */;
			productType = "com.apple.product-type.bundle.ui-testing";
		};
/* End PBXNativeTarget section */

/* Begin PBXProject section */
		A8567C631F1A458D003BAF59 /* Project object */ = {
			isa = PBXProject;
			attributes = {
				LastSwiftUpdateCheck = 0830;
				LastUpgradeCheck = 0830;
				ORGANIZATIONNAME = "Nick Baidikoff";
				TargetAttributes = {
					A8567C6A1F1A458D003BAF59 = {
						CreatedOnToolsVersion = 8.3;
						DevelopmentTeam = 76LJ97E96C;
						ProvisioningStyle = Automatic;
					};
					A8567C7E1F1A458D003BAF59 = {
						CreatedOnToolsVersion = 8.3;
						DevelopmentTeam = 76LJ97E96C;
						LastSwiftMigration = 0830;
						ProvisioningStyle = Automatic;
						TestTargetID = A8567C6A1F1A458D003BAF59;
					};
					A8567C891F1A458D003BAF59 = {
						CreatedOnToolsVersion = 8.3;
						DevelopmentTeam = 76LJ97E96C;
						ProvisioningStyle = Automatic;
						TestTargetID = A8567C6A1F1A458D003BAF59;
					};
				};
			};
			buildConfigurationList = A8567C661F1A458D003BAF59 /* Build configuration list for PBXProject "Twitt" */;
			compatibilityVersion = "Xcode 3.2";
			developmentRegion = English;
			hasScannedForEncodings = 0;
			knownRegions = (
				en,
				Base,
			);
			mainGroup = A8567C621F1A458D003BAF59;
			productRefGroup = A8567C6C1F1A458D003BAF59 /* Products */;
			projectDirPath = "";
			projectRoot = "";
			targets = (
				A8567C6A1F1A458D003BAF59 /* Twitt */,
				A8567C7E1F1A458D003BAF59 /* TwittTests */,
				A8567C891F1A458D003BAF59 /* TwittUITests */,
			);
		};
/* End PBXProject section */

/* Begin PBXResourcesBuildPhase section */
		A8567C691F1A458D003BAF59 /* Resources */ = {
			isa = PBXResourcesBuildPhase;
			buildActionMask = 2147483647;
			files = (
				A8567C761F1A458D003BAF59 /* Assets.xcassets in Resources */,
			);
			runOnlyForDeploymentPostprocessing = 0;
		};
		A8567C7D1F1A458D003BAF59 /* Resources */ = {
			isa = PBXResourcesBuildPhase;
			buildActionMask = 2147483647;
			files = (
			);
			runOnlyForDeploymentPostprocessing = 0;
		};
		A8567C881F1A458D003BAF59 /* Resources */ = {
			isa = PBXResourcesBuildPhase;
			buildActionMask = 2147483647;
			files = (
			);
			runOnlyForDeploymentPostprocessing = 0;
		};
/* End PBXResourcesBuildPhase section */

/* Begin PBXShellScriptBuildPhase section */
		3CAF3114FF1C6487E77DED02 /* [CP] Embed Pods Frameworks */ = {
			isa = PBXShellScriptBuildPhase;
			buildActionMask = 2147483647;
			files = (
			);
			inputPaths = (
			);
			name = "[CP] Embed Pods Frameworks";
			outputPaths = (
			);
			runOnlyForDeploymentPostprocessing = 0;
			shellPath = /bin/sh;
			shellScript = "\"${SRCROOT}/Pods/Target Support Files/Pods-TwittTests/Pods-TwittTests-frameworks.sh\"\n";
			showEnvVarsInLog = 0;
		};
		5522D44CFD9E2047AF2E4831 /* [CP] Embed Pods Frameworks */ = {
			isa = PBXShellScriptBuildPhase;
			buildActionMask = 2147483647;
			files = (
			);
			inputPaths = (
			);
			name = "[CP] Embed Pods Frameworks";
			outputPaths = (
			);
			runOnlyForDeploymentPostprocessing = 0;
			shellPath = /bin/sh;
			shellScript = "\"${SRCROOT}/Pods/Target Support Files/Pods-TwittUITests/Pods-TwittUITests-frameworks.sh\"\n";
			showEnvVarsInLog = 0;
		};
		5ED6FAECE1B97800936825B0 /* [CP] Check Pods Manifest.lock */ = {
			isa = PBXShellScriptBuildPhase;
			buildActionMask = 2147483647;
			files = (
			);
			inputPaths = (
			);
			name = "[CP] Check Pods Manifest.lock";
			outputPaths = (
			);
			runOnlyForDeploymentPostprocessing = 0;
			shellPath = /bin/sh;
			shellScript = "diff \"${PODS_PODFILE_DIR_PATH}/Podfile.lock\" \"${PODS_ROOT}/Manifest.lock\" > /dev/null\nif [ $? != 0 ] ; then\n    # print error to STDERR\n    echo \"error: The sandbox is not in sync with the Podfile.lock. Run 'pod install' or update your CocoaPods installation.\" >&2\n    exit 1\nfi\n";
			showEnvVarsInLog = 0;
		};
		A52F5B4B261264A7808135E0 /* [CP] Check Pods Manifest.lock */ = {
			isa = PBXShellScriptBuildPhase;
			buildActionMask = 2147483647;
			files = (
			);
			inputPaths = (
			);
			name = "[CP] Check Pods Manifest.lock";
			outputPaths = (
			);
			runOnlyForDeploymentPostprocessing = 0;
			shellPath = /bin/sh;
			shellScript = "diff \"${PODS_PODFILE_DIR_PATH}/Podfile.lock\" \"${PODS_ROOT}/Manifest.lock\" > /dev/null\nif [ $? != 0 ] ; then\n    # print error to STDERR\n    echo \"error: The sandbox is not in sync with the Podfile.lock. Run 'pod install' or update your CocoaPods installation.\" >&2\n    exit 1\nfi\n";
			showEnvVarsInLog = 0;
		};
		B85EAB55FBCE50E9776EC46A /* [CP] Copy Pods Resources */ = {
			isa = PBXShellScriptBuildPhase;
			buildActionMask = 2147483647;
			files = (
			);
			inputPaths = (
			);
			name = "[CP] Copy Pods Resources";
			outputPaths = (
			);
			runOnlyForDeploymentPostprocessing = 0;
			shellPath = /bin/sh;
			shellScript = "\"${SRCROOT}/Pods/Target Support Files/Pods-Twitt/Pods-Twitt-resources.sh\"\n";
			showEnvVarsInLog = 0;
		};
		B91169899897CA1EB59F37B0 /* [CP] Copy Pods Resources */ = {
			isa = PBXShellScriptBuildPhase;
			buildActionMask = 2147483647;
			files = (
			);
			inputPaths = (
			);
			name = "[CP] Copy Pods Resources";
			outputPaths = (
			);
			runOnlyForDeploymentPostprocessing = 0;
			shellPath = /bin/sh;
			shellScript = "\"${SRCROOT}/Pods/Target Support Files/Pods-TwittTests/Pods-TwittTests-resources.sh\"\n";
			showEnvVarsInLog = 0;
		};
		C8D31C565B35BE7AE099AC44 /* [CP] Check Pods Manifest.lock */ = {
			isa = PBXShellScriptBuildPhase;
			buildActionMask = 2147483647;
			files = (
			);
			inputPaths = (
			);
			name = "[CP] Check Pods Manifest.lock";
			outputPaths = (
			);
			runOnlyForDeploymentPostprocessing = 0;
			shellPath = /bin/sh;
			shellScript = "diff \"${PODS_PODFILE_DIR_PATH}/Podfile.lock\" \"${PODS_ROOT}/Manifest.lock\" > /dev/null\nif [ $? != 0 ] ; then\n    # print error to STDERR\n    echo \"error: The sandbox is not in sync with the Podfile.lock. Run 'pod install' or update your CocoaPods installation.\" >&2\n    exit 1\nfi\n";
			showEnvVarsInLog = 0;
		};
		D41E20C35DFAB31FB0963EE0 /* [CP] Embed Pods Frameworks */ = {
			isa = PBXShellScriptBuildPhase;
			buildActionMask = 2147483647;
			files = (
			);
			inputPaths = (
			);
			name = "[CP] Embed Pods Frameworks";
			outputPaths = (
			);
			runOnlyForDeploymentPostprocessing = 0;
			shellPath = /bin/sh;
			shellScript = "\"${SRCROOT}/Pods/Target Support Files/Pods-Twitt/Pods-Twitt-frameworks.sh\"\n";
			showEnvVarsInLog = 0;
		};
		EEF37E96831311FEB378EF6D /* [CP] Copy Pods Resources */ = {
			isa = PBXShellScriptBuildPhase;
			buildActionMask = 2147483647;
			files = (
			);
			inputPaths = (
			);
			name = "[CP] Copy Pods Resources";
			outputPaths = (
			);
			runOnlyForDeploymentPostprocessing = 0;
			shellPath = /bin/sh;
			shellScript = "\"${SRCROOT}/Pods/Target Support Files/Pods-TwittUITests/Pods-TwittUITests-resources.sh\"\n";
			showEnvVarsInLog = 0;
		};
/* End PBXShellScriptBuildPhase section */

/* Begin PBXSourcesBuildPhase section */
		A8567C671F1A458D003BAF59 /* Sources */ = {
			isa = PBXSourcesBuildPhase;
			buildActionMask = 2147483647;
			files = (
				A8567CAC1F1EAA58003BAF59 /* LoginViewController.swift in Sources */,
				A8567C6F1F1A458D003BAF59 /* AppDelegate.swift in Sources */,
				A8567CAA1F1EA749003BAF59 /* Twitter.swift in Sources */,
				A8567CA81F1EA6C0003BAF59 /* Defaults.swift in Sources */,
			);
			runOnlyForDeploymentPostprocessing = 0;
		};
		A8567C7B1F1A458D003BAF59 /* Sources */ = {
			isa = PBXSourcesBuildPhase;
			buildActionMask = 2147483647;
			files = (
				A8567CB21F1EAEA3003BAF59 /* TwittTests.swift in Sources */,
			);
			runOnlyForDeploymentPostprocessing = 0;
		};
		A8567C861F1A458D003BAF59 /* Sources */ = {
			isa = PBXSourcesBuildPhase;
			buildActionMask = 2147483647;
			files = (
			);
			runOnlyForDeploymentPostprocessing = 0;
		};
/* End PBXSourcesBuildPhase section */

/* Begin PBXTargetDependency section */
		A8567C811F1A458D003BAF59 /* PBXTargetDependency */ = {
			isa = PBXTargetDependency;
			target = A8567C6A1F1A458D003BAF59 /* Twitt */;
			targetProxy = A8567C801F1A458D003BAF59 /* PBXContainerItemProxy */;
		};
		A8567C8C1F1A458D003BAF59 /* PBXTargetDependency */ = {
			isa = PBXTargetDependency;
			target = A8567C6A1F1A458D003BAF59 /* Twitt */;
			targetProxy = A8567C8B1F1A458D003BAF59 /* PBXContainerItemProxy */;
		};
/* End PBXTargetDependency section */

/* Begin XCBuildConfiguration section */
		A8567C911F1A458D003BAF59 /* Debug */ = {
			isa = XCBuildConfiguration;
			buildSettings = {
				ALWAYS_SEARCH_USER_PATHS = NO;
				CLANG_ANALYZER_NONNULL = YES;
				CLANG_ANALYZER_NUMBER_OBJECT_CONVERSION = YES_AGGRESSIVE;
				CLANG_CXX_LANGUAGE_STANDARD = "gnu++0x";
				CLANG_CXX_LIBRARY = "libc++";
				CLANG_ENABLE_MODULES = YES;
				CLANG_ENABLE_OBJC_ARC = YES;
				CLANG_WARN_BOOL_CONVERSION = YES;
				CLANG_WARN_CONSTANT_CONVERSION = YES;
				CLANG_WARN_DIRECT_OBJC_ISA_USAGE = YES_ERROR;
				CLANG_WARN_DOCUMENTATION_COMMENTS = YES;
				CLANG_WARN_EMPTY_BODY = YES;
				CLANG_WARN_ENUM_CONVERSION = YES;
				CLANG_WARN_INFINITE_RECURSION = YES;
				CLANG_WARN_INT_CONVERSION = YES;
				CLANG_WARN_OBJC_ROOT_CLASS = YES_ERROR;
				CLANG_WARN_SUSPICIOUS_MOVE = YES;
				CLANG_WARN_UNREACHABLE_CODE = YES;
				CLANG_WARN__DUPLICATE_METHOD_MATCH = YES;
				"CODE_SIGN_IDENTITY[sdk=iphoneos*]" = "iPhone Developer";
				COPY_PHASE_STRIP = NO;
				DEBUG_INFORMATION_FORMAT = dwarf;
				ENABLE_STRICT_OBJC_MSGSEND = YES;
				ENABLE_TESTABILITY = YES;
				GCC_C_LANGUAGE_STANDARD = gnu99;
				GCC_DYNAMIC_NO_PIC = NO;
				GCC_NO_COMMON_BLOCKS = YES;
				GCC_OPTIMIZATION_LEVEL = 0;
				GCC_PREPROCESSOR_DEFINITIONS = (
					"DEBUG=1",
					"$(inherited)",
				);
				GCC_WARN_64_TO_32_BIT_CONVERSION = YES;
				GCC_WARN_ABOUT_RETURN_TYPE = YES_ERROR;
				GCC_WARN_UNDECLARED_SELECTOR = YES;
				GCC_WARN_UNINITIALIZED_AUTOS = YES_AGGRESSIVE;
				GCC_WARN_UNUSED_FUNCTION = YES;
				GCC_WARN_UNUSED_VARIABLE = YES;
				IPHONEOS_DEPLOYMENT_TARGET = 10.3;
				MTL_ENABLE_DEBUG_INFO = YES;
				ONLY_ACTIVE_ARCH = YES;
				SDKROOT = iphoneos;
				SWIFT_ACTIVE_COMPILATION_CONDITIONS = DEBUG;
				SWIFT_OPTIMIZATION_LEVEL = "-Onone";
			};
			name = Debug;
		};
		A8567C921F1A458D003BAF59 /* Release */ = {
			isa = XCBuildConfiguration;
			buildSettings = {
				ALWAYS_SEARCH_USER_PATHS = NO;
				CLANG_ANALYZER_NONNULL = YES;
				CLANG_ANALYZER_NUMBER_OBJECT_CONVERSION = YES_AGGRESSIVE;
				CLANG_CXX_LANGUAGE_STANDARD = "gnu++0x";
				CLANG_CXX_LIBRARY = "libc++";
				CLANG_ENABLE_MODULES = YES;
				CLANG_ENABLE_OBJC_ARC = YES;
				CLANG_WARN_BOOL_CONVERSION = YES;
				CLANG_WARN_CONSTANT_CONVERSION = YES;
				CLANG_WARN_DIRECT_OBJC_ISA_USAGE = YES_ERROR;
				CLANG_WARN_DOCUMENTATION_COMMENTS = YES;
				CLANG_WARN_EMPTY_BODY = YES;
				CLANG_WARN_ENUM_CONVERSION = YES;
				CLANG_WARN_INFINITE_RECURSION = YES;
				CLANG_WARN_INT_CONVERSION = YES;
				CLANG_WARN_OBJC_ROOT_CLASS = YES_ERROR;
				CLANG_WARN_SUSPICIOUS_MOVE = YES;
				CLANG_WARN_UNREACHABLE_CODE = YES;
				CLANG_WARN__DUPLICATE_METHOD_MATCH = YES;
				"CODE_SIGN_IDENTITY[sdk=iphoneos*]" = "iPhone Developer";
				COPY_PHASE_STRIP = NO;
				DEBUG_INFORMATION_FORMAT = "dwarf-with-dsym";
				ENABLE_NS_ASSERTIONS = NO;
				ENABLE_STRICT_OBJC_MSGSEND = YES;
				GCC_C_LANGUAGE_STANDARD = gnu99;
				GCC_NO_COMMON_BLOCKS = YES;
				GCC_WARN_64_TO_32_BIT_CONVERSION = YES;
				GCC_WARN_ABOUT_RETURN_TYPE = YES_ERROR;
				GCC_WARN_UNDECLARED_SELECTOR = YES;
				GCC_WARN_UNINITIALIZED_AUTOS = YES_AGGRESSIVE;
				GCC_WARN_UNUSED_FUNCTION = YES;
				GCC_WARN_UNUSED_VARIABLE = YES;
				IPHONEOS_DEPLOYMENT_TARGET = 10.3;
				MTL_ENABLE_DEBUG_INFO = NO;
				SDKROOT = iphoneos;
				SWIFT_OPTIMIZATION_LEVEL = "-Owholemodule";
				VALIDATE_PRODUCT = YES;
			};
			name = Release;
		};
		A8567C941F1A458D003BAF59 /* Debug */ = {
			isa = XCBuildConfiguration;
			baseConfigurationReference = 2DEDE7535D9D0443EBE95D71 /* Pods-Twitt.debug.xcconfig */;
			buildSettings = {
				ASSETCATALOG_COMPILER_APPICON_NAME = AppIcon;
				DEVELOPMENT_TEAM = 76LJ97E96C;
				INFOPLIST_FILE = Twitt/Info.plist;
				IPHONEOS_DEPLOYMENT_TARGET = 10.0;
				LD_RUNPATH_SEARCH_PATHS = "$(inherited) @executable_path/Frameworks";
				PRODUCT_BUNDLE_IDENTIFIER = com.baidikoff.Twitt;
				PRODUCT_NAME = "$(TARGET_NAME)";
				SWIFT_VERSION = 3.0;
			};
			name = Debug;
		};
		A8567C951F1A458D003BAF59 /* Release */ = {
			isa = XCBuildConfiguration;
			baseConfigurationReference = CA9944C2867095045995F950 /* Pods-Twitt.release.xcconfig */;
			buildSettings = {
				ASSETCATALOG_COMPILER_APPICON_NAME = AppIcon;
				DEVELOPMENT_TEAM = 76LJ97E96C;
				INFOPLIST_FILE = Twitt/Info.plist;
				IPHONEOS_DEPLOYMENT_TARGET = 10.0;
				LD_RUNPATH_SEARCH_PATHS = "$(inherited) @executable_path/Frameworks";
				PRODUCT_BUNDLE_IDENTIFIER = com.baidikoff.Twitt;
				PRODUCT_NAME = "$(TARGET_NAME)";
				SWIFT_VERSION = 3.0;
			};
			name = Release;
		};
		A8567C971F1A458D003BAF59 /* Debug */ = {
			isa = XCBuildConfiguration;
			baseConfigurationReference = D86AF402311024C983167933 /* Pods-TwittTests.debug.xcconfig */;
			buildSettings = {
				ALWAYS_EMBED_SWIFT_STANDARD_LIBRARIES = YES;
				BUNDLE_LOADER = "$(TEST_HOST)";
				CLANG_ENABLE_MODULES = YES;
				DEVELOPMENT_TEAM = 76LJ97E96C;
				INFOPLIST_FILE = TwittTests/Info.plist;
				LD_RUNPATH_SEARCH_PATHS = "$(inherited) @executable_path/Frameworks @loader_path/Frameworks";
				PRODUCT_BUNDLE_IDENTIFIER = com.baidikoff.TwittTests;
				PRODUCT_NAME = "$(TARGET_NAME)";
				SWIFT_OPTIMIZATION_LEVEL = "-Onone";
				SWIFT_VERSION = 3.0;
				TEST_HOST = "$(BUILT_PRODUCTS_DIR)/Twitt.app/Twitt";
			};
			name = Debug;
		};
		A8567C981F1A458D003BAF59 /* Release */ = {
			isa = XCBuildConfiguration;
			baseConfigurationReference = 634942C600844385B3894879 /* Pods-TwittTests.release.xcconfig */;
			buildSettings = {
				ALWAYS_EMBED_SWIFT_STANDARD_LIBRARIES = YES;
				BUNDLE_LOADER = "$(TEST_HOST)";
				CLANG_ENABLE_MODULES = YES;
				DEVELOPMENT_TEAM = 76LJ97E96C;
				INFOPLIST_FILE = TwittTests/Info.plist;
				LD_RUNPATH_SEARCH_PATHS = "$(inherited) @executable_path/Frameworks @loader_path/Frameworks";
				PRODUCT_BUNDLE_IDENTIFIER = com.baidikoff.TwittTests;
				PRODUCT_NAME = "$(TARGET_NAME)";
				SWIFT_VERSION = 3.0;
				TEST_HOST = "$(BUILT_PRODUCTS_DIR)/Twitt.app/Twitt";
			};
			name = Release;
		};
		A8567C9A1F1A458D003BAF59 /* Debug */ = {
			isa = XCBuildConfiguration;
			baseConfigurationReference = BA21250D1F62168EAADF6932 /* Pods-TwittUITests.debug.xcconfig */;
			buildSettings = {
				ALWAYS_EMBED_SWIFT_STANDARD_LIBRARIES = YES;
				DEVELOPMENT_TEAM = 76LJ97E96C;
				INFOPLIST_FILE = TwittUITests/Info.plist;
				LD_RUNPATH_SEARCH_PATHS = "$(inherited) @executable_path/Frameworks @loader_path/Frameworks";
				PRODUCT_BUNDLE_IDENTIFIER = com.baidikoff.TwittUITests;
				PRODUCT_NAME = "$(TARGET_NAME)";
				SWIFT_VERSION = 3.0;
				TEST_TARGET_NAME = Twitt;
			};
			name = Debug;
		};
		A8567C9B1F1A458D003BAF59 /* Release */ = {
			isa = XCBuildConfiguration;
			baseConfigurationReference = 5BB505FC25B1FA0968C05BFE /* Pods-TwittUITests.release.xcconfig */;
			buildSettings = {
				ALWAYS_EMBED_SWIFT_STANDARD_LIBRARIES = YES;
				DEVELOPMENT_TEAM = 76LJ97E96C;
				INFOPLIST_FILE = TwittUITests/Info.plist;
				LD_RUNPATH_SEARCH_PATHS = "$(inherited) @executable_path/Frameworks @loader_path/Frameworks";
				PRODUCT_BUNDLE_IDENTIFIER = com.baidikoff.TwittUITests;
				PRODUCT_NAME = "$(TARGET_NAME)";
				SWIFT_VERSION = 3.0;
				TEST_TARGET_NAME = Twitt;
			};
			name = Release;
		};
/* End XCBuildConfiguration section */

/* Begin XCConfigurationList section */
		A8567C661F1A458D003BAF59 /* Build configuration list for PBXProject "Twitt" */ = {
			isa = XCConfigurationList;
			buildConfigurations = (
				A8567C911F1A458D003BAF59 /* Debug */,
				A8567C921F1A458D003BAF59 /* Release */,
			);
			defaultConfigurationIsVisible = 0;
			defaultConfigurationName = Release;
		};
		A8567C931F1A458D003BAF59 /* Build configuration list for PBXNativeTarget "Twitt" */ = {
			isa = XCConfigurationList;
			buildConfigurations = (
				A8567C941F1A458D003BAF59 /* Debug */,
				A8567C951F1A458D003BAF59 /* Release */,
			);
			defaultConfigurationIsVisible = 0;
			defaultConfigurationName = Release;
		};
		A8567C961F1A458D003BAF59 /* Build configuration list for PBXNativeTarget "TwittTests" */ = {
			isa = XCConfigurationList;
			buildConfigurations = (
				A8567C971F1A458D003BAF59 /* Debug */,
				A8567C981F1A458D003BAF59 /* Release */,
			);
			defaultConfigurationIsVisible = 0;
			defaultConfigurationName = Release;
		};
		A8567C991F1A458D003BAF59 /* Build configuration list for PBXNativeTarget "TwittUITests" */ = {
			isa = XCConfigurationList;
			buildConfigurations = (
				A8567C9A1F1A458D003BAF59 /* Debug */,
				A8567C9B1F1A458D003BAF59 /* Release */,
			);
			defaultConfigurationIsVisible = 0;
			defaultConfigurationName = Release;
		};
/* End XCConfigurationList section */
	};
	rootObject = A8567C631F1A458D003BAF59 /* Project object */;
}
